
Microsoft Visual Studio Solution File, Format Version 12.00
# Visual Studio Version 17
VisualStudioVersion = 17.9.34622.214
MinimumVisualStudioVersion = 10.0.40219.1
Project("{9A19103F-16F7-4668-BE54-9A1E7A4F7556}") = "TransactionsApp.API", "TransactionsApp.API\TransactionsApp.API.csproj", "{511D1FCA-4EDB-42AF-B6C7-D631F6ED3719}"
EndProject
Project("{2150E333-8FDC-42A3-9474-1A3956D46DE8}") = "Domain", "Domain", "{B36BCD39-08B2-4E72-9BA3-138DDE932DE0}"
EndProject
Project("{2150E333-8FDC-42A3-9474-1A3956D46DE8}") = "Application", "Application", "{88A10C3C-BCDE-4605-A514-DA5710CF013D}"
EndProject
Project("{2150E333-8FDC-42A3-9474-1A3956D46DE8}") = "Infrastructure", "Infrastructure", "{2CDA4D71-9C16-4443-B74D-04F684A792CC}"
EndProject
Project("{2150E333-8FDC-42A3-9474-1A3956D46DE8}") = "UnitTests", "UnitTests", "{63E60B7D-C280-4FE7-A3D7-99F6F3E91816}"
EndProject
Project("{9A19103F-16F7-4668-BE54-9A1E7A4F7556}") = "TransactionsApp.Domain.Models", "Domain\TransactionsApp.Domain.Models\TransactionsApp.Domain.Models.csproj", "{2C3C75B6-3A59-4D8A-B70D-7C18F420CC0F}"
EndProject
Project("{9A19103F-16F7-4668-BE54-9A1E7A4F7556}") = "TransactionsApp.Application.Models", "Application\TransactionsApp.Application.Models\TransactionsApp.Application.Models.csproj", "{A0371541-F90E-44CD-B898-B63EA0C797FD}"
EndProject
Project("{9A19103F-16F7-4668-BE54-9A1E7A4F7556}") = "TransactionsApp.Application.Services", "Application\TransactionsApp.Application.Services\TransactionsApp.Application.Services.csproj", "{DBCE4D8D-469E-4C84-97EA-3BFC13797B66}"
EndProject
Project("{9A19103F-16F7-4668-BE54-9A1E7A4F7556}") = "TransactionsApp.Application.Services.Implementations", "Application\TransactionsApp.Application.Services.Implementations\TransactionsApp.Application.Services.Implementations.csproj", "{DAE2D060-5BA0-47D4-9F90-AA046398ADC2}"
EndProject
Project("{9A19103F-16F7-4668-BE54-9A1E7A4F7556}") = "TransactionsApp.Infrastructure.Models", "Infrastructure\TransactionsApp.Infrastructure.Models\TransactionsApp.Infrastructure.Models.csproj", "{C0678344-B0D4-4DC3-BF80-C83774F692D2}"
EndProject
Project("{9A19103F-16F7-4668-BE54-9A1E7A4F7556}") = "TransactionsApp.Infrastructure.Implementations", "Infrastructure\TransactionsApp.Infrastructure.Implementations\TransactionsApp.Infrastructure.Implementations.csproj", "{75DF45D4-A731-43C1-B08C-8BD8A7F2DE84}"
EndProject
Project("{FAE04EC0-301F-11D3-BF4B-00C04F79EFBC}") = "TransactionsApp.Application.UnitTests", "UnitTests\TransactionsApp.Application.UnitTests\TransactionsApp.Application.UnitTests.csproj", "{6B422A56-B47F-4959-BCC1-7DE747A62631}"
EndProject
Project("{2150E333-8FDC-42A3-9474-1A3956D46DE8}") = "Common", "Common", "{97D446B8-9CA7-40A5-AFB5-D0165E9D6064}"
EndProject
Project("{FAE04EC0-301F-11D3-BF4B-00C04F79EFBC}") = "TransactionsApp.Common.Services", "Common\TransactionsApp.Common.Services\TransactionsApp.Common.Services.csproj", "{532A06F7-8EEB-4F3B-9C4B-28AC27EC0306}"
EndProject
Global
	GlobalSection(SolutionConfigurationPlatforms) = preSolution
		Debug|Any CPU = Debug|Any CPU
		Release|Any CPU = Release|Any CPU
	EndGlobalSection
	GlobalSection(ProjectConfigurationPlatforms) = postSolution
		{511D1FCA-4EDB-42AF-B6C7-D631F6ED3719}.Debug|Any CPU.ActiveCfg = Debug|Any CPU
		{511D1FCA-4EDB-42AF-B6C7-D631F6ED3719}.Debug|Any CPU.Build.0 = Debug|Any CPU
		{511D1FCA-4EDB-42AF-B6C7-D631F6ED3719}.Release|Any CPU.ActiveCfg = Release|Any CPU
		{511D1FCA-4EDB-42AF-B6C7-D631F6ED3719}.Release|Any CPU.Build.0 = Release|Any CPU
		{2C3C75B6-3A59-4D8A-B70D-7C18F420CC0F}.Debug|Any CPU.ActiveCfg = Debug|Any CPU
		{2C3C75B6-3A59-4D8A-B70D-7C18F420CC0F}.Debug|Any CPU.Build.0 = Debug|Any CPU
		{2C3C75B6-3A59-4D8A-B70D-7C18F420CC0F}.Release|Any CPU.ActiveCfg = Release|Any CPU
		{2C3C75B6-3A59-4D8A-B70D-7C18F420CC0F}.Release|Any CPU.Build.0 = Release|Any CPU
		{A0371541-F90E-44CD-B898-B63EA0C797FD}.Debug|Any CPU.ActiveCfg = Debug|Any CPU
		{A0371541-F90E-44CD-B898-B63EA0C797FD}.Debug|Any CPU.Build.0 = Debug|Any CPU
		{A0371541-F90E-44CD-B898-B63EA0C797FD}.Release|Any CPU.ActiveCfg = Release|Any CPU
		{A0371541-F90E-44CD-B898-B63EA0C797FD}.Release|Any CPU.Build.0 = Release|Any CPU
		{DBCE4D8D-469E-4C84-97EA-3BFC13797B66}.Debug|Any CPU.ActiveCfg = Debug|Any CPU
		{DBCE4D8D-469E-4C84-97EA-3BFC13797B66}.Debug|Any CPU.Build.0 = Debug|Any CPU
		{DBCE4D8D-469E-4C84-97EA-3BFC13797B66}.Release|Any CPU.ActiveCfg = Release|Any CPU
		{DBCE4D8D-469E-4C84-97EA-3BFC13797B66}.Release|Any CPU.Build.0 = Release|Any CPU
		{DAE2D060-5BA0-47D4-9F90-AA046398ADC2}.Debug|Any CPU.ActiveCfg = Debug|Any CPU
		{DAE2D060-5BA0-47D4-9F90-AA046398ADC2}.Debug|Any CPU.Build.0 = Debug|Any CPU
		{DAE2D060-5BA0-47D4-9F90-AA046398ADC2}.Release|Any CPU.ActiveCfg = Release|Any CPU
		{DAE2D060-5BA0-47D4-9F90-AA046398ADC2}.Release|Any CPU.Build.0 = Release|Any CPU
		{C0678344-B0D4-4DC3-BF80-C83774F692D2}.Debug|Any CPU.ActiveCfg = Debug|Any CPU
		{C0678344-B0D4-4DC3-BF80-C83774F692D2}.Debug|Any CPU.Build.0 = Debug|Any CPU
		{C0678344-B0D4-4DC3-BF80-C83774F692D2}.Release|Any CPU.ActiveCfg = Release|Any CPU
		{C0678344-B0D4-4DC3-BF80-C83774F692D2}.Release|Any CPU.Build.0 = Release|Any CPU
		{75DF45D4-A731-43C1-B08C-8BD8A7F2DE84}.Debug|Any CPU.ActiveCfg = Debug|Any CPU
		{75DF45D4-A731-43C1-B08C-8BD8A7F2DE84}.Debug|Any CPU.Build.0 = Debug|Any CPU
		{75DF45D4-A731-43C1-B08C-8BD8A7F2DE84}.Release|Any CPU.ActiveCfg = Release|Any CPU
		{75DF45D4-A731-43C1-B08C-8BD8A7F2DE84}.Release|Any CPU.Build.0 = Release|Any CPU
		{6B422A56-B47F-4959-BCC1-7DE747A62631}.Debug|Any CPU.ActiveCfg = Debug|Any CPU
		{6B422A56-B47F-4959-BCC1-7DE747A62631}.Debug|Any CPU.Build.0 = Debug|Any CPU
		{6B422A56-B47F-4959-BCC1-7DE747A62631}.Release|Any CPU.ActiveCfg = Release|Any CPU
		{6B422A56-B47F-4959-BCC1-7DE747A62631}.Release|Any CPU.Build.0 = Release|Any CPU
		{532A06F7-8EEB-4F3B-9C4B-28AC27EC0306}.Debug|Any CPU.ActiveCfg = Debug|Any CPU
		{532A06F7-8EEB-4F3B-9C4B-28AC27EC0306}.Debug|Any CPU.Build.0 = Debug|Any CPU
		{532A06F7-8EEB-4F3B-9C4B-28AC27EC0306}.Release|Any CPU.ActiveCfg = Release|Any CPU
		{532A06F7-8EEB-4F3B-9C4B-28AC27EC0306}.Release|Any CPU.Build.0 = Release|Any CPU
	EndGlobalSection
	GlobalSection(SolutionProperties) = preSolution
		HideSolutionNode = FALSE
	EndGlobalSection
	GlobalSection(NestedProjects) = preSolution
		{2C3C75B6-3A59-4D8A-B70D-7C18F420CC0F} = {B36BCD39-08B2-4E72-9BA3-138DDE932DE0}
		{A0371541-F90E-44CD-B898-B63EA0C797FD} = {88A10C3C-BCDE-4605-A514-DA5710CF013D}
		{DBCE4D8D-469E-4C84-97EA-3BFC13797B66} = {88A10C3C-BCDE-4605-A514-DA5710CF013D}
		{DAE2D060-5BA0-47D4-9F90-AA046398ADC2} = {88A10C3C-BCDE-4605-A514-DA5710CF013D}
		{C0678344-B0D4-4DC3-BF80-C83774F692D2} = {2CDA4D71-9C16-4443-B74D-04F684A792CC}
		{75DF45D4-A731-43C1-B08C-8BD8A7F2DE84} = {2CDA4D71-9C16-4443-B74D-04F684A792CC}
		{6B422A56-B47F-4959-BCC1-7DE747A62631} = {63E60B7D-C280-4FE7-A3D7-99F6F3E91816}
		{532A06F7-8EEB-4F3B-9C4B-28AC27EC0306} = {97D446B8-9CA7-40A5-AFB5-D0165E9D6064}
	EndGlobalSection
	GlobalSection(ExtensibilityGlobals) = postSolution
		SolutionGuid = {781CBA64-B6FC-44A7-BC49-F42A0848E671}
	EndGlobalSection
EndGlobal
